
Microsoft Visual Studio Solution File, Format Version 12.00
# Visual Studio 15
VisualStudioVersion = 15.0.28307.421
MinimumVisualStudioVersion = 10.0.40219.1
Project("{FAE04EC0-301F-11D3-BF4B-00C04F79EFBC}") = "TabControlDemo", "TabControlDemo\TabControlDemo.csproj", "{6E7A3567-D76E-4C49-A702-7A8966856C4E}"
EndProject
Global
	GlobalSection(SolutionConfigurationPlatforms) = preSolution
		Debug|Any CPU = Debug|Any CPU
		Release|Any CPU = Release|Any CPU
	EndGlobalSection
	GlobalSection(ProjectConfigurationPlatforms) = postSolution
		{6E7A3567-D76E-4C49-A702-7A8966856C4E}.Debug|Any CPU.ActiveCfg = Debug|Any CPU
		{6E7A3567-D76E-4C49-A702-7A8966856C4E}.Debug|Any CPU.Build.0 = Debug|Any CPU
		{6E7A3567-D76E-4C49-A702-7A8966856C4E}.Release|Any CPU.ActiveCfg = Release|Any CPU
		{6E7A3567-D76E-4C49-A702-7A8966856C4E}.Release|Any CPU.Build.0 = Release|Any CPU
	EndGlobalSection
	GlobalSection(SolutionProperties) = preSolution
		HideSolutionNode = FALSE
	EndGlobalSection
	GlobalSection(ExtensibilityGlobals) = postSolution
		SolutionGuid = {F947B357-539F-47C0-89F9-07924DBB6822}
	EndGlobalSection
EndGlobal
